
Microsoft Visual Studio Solution File, Format Version 12.00
# Visual Studio Version 17
VisualStudioVersion = 17.5.002.0
MinimumVisualStudioVersion = 10.0.40219.1
Project("{2150E333-8FDC-42A3-9474-1A3956D46DE8}") = "SHM", "SHM", "{252551CD-EE1E-41BC-AC46-0113F1204BCF}"
EndProject
Project("{9A19103F-16F7-4668-BE54-9A1E7A4F7556}") = "csharp_shm_test", "SHM\csTestInterface\csharp_shm_test.csproj", "{22892B4E-DE1E-4A2A-8897-FF74BFF4CEF6}"
EndProject
Global
	GlobalSection(SolutionConfigurationPlatforms) = preSolution
		Debug|Any CPU = Debug|Any CPU
		Release|Any CPU = Release|Any CPU
	EndGlobalSection
	GlobalSection(ProjectConfigurationPlatforms) = postSolution
		{22892B4E-DE1E-4A2A-8897-FF74BFF4CEF6}.Debug|Any CPU.ActiveCfg = Debug|Any CPU
		{22892B4E-DE1E-4A2A-8897-FF74BFF4CEF6}.Debug|Any CPU.Build.0 = Debug|Any CPU
		{22892B4E-DE1E-4A2A-8897-FF74BFF4CEF6}.Release|Any CPU.ActiveCfg = Release|Any CPU
		{22892B4E-DE1E-4A2A-8897-FF74BFF4CEF6}.Release|Any CPU.Build.0 = Release|Any CPU
	EndGlobalSection
	GlobalSection(SolutionProperties) = preSolution
		HideSolutionNode = FALSE
	EndGlobalSection
	GlobalSection(NestedProjects) = preSolution
		{22892B4E-DE1E-4A2A-8897-FF74BFF4CEF6} = {252551CD-EE1E-41BC-AC46-0113F1204BCF}
	EndGlobalSection
	GlobalSection(ExtensibilityGlobals) = postSolution
		SolutionGuid = {A4A74DC7-4A77-4A03-837D-A1CDF7108D50}
	EndGlobalSection
EndGlobal
